Microsoft Visual Studio Solution File, Format Version 12.00
# Visual Studio Version 17
VisualStudioVersion = 17.5.2.0
MinimumVisualStudioVersion = 10.0.40219.1
Project("{FAE04EC0-301F-11D3-BF4B-00C04F79EFBC}") = "MittProjekt", "MittProjekt.csproj", "{A5F2BCDE-683F-6C78-97BE-F9087EBB750E}"
EndProject
Global
	GlobalSection(SolutionConfigurationPlatforms) = preSolution
		Debug|Any CPU = Debug|Any CPU
		Release|Any CPU = Release|Any CPU
	EndGlobalSection
	GlobalSection(ProjectConfigurationPlatforms) = postSolution
		{A5F2BCDE-683F-6C78-97BE-F9087EBB750E}.Debug|Any CPU.ActiveCfg = Debug|Any CPU
		{A5F2BCDE-683F-6C78-97BE-F9087EBB750E}.Debug|Any CPU.Build.0 = Debug|Any CPU
		{A5F2BCDE-683F-6C78-97BE-F9087EBB750E}.Release|Any CPU.ActiveCfg = Release|Any CPU
		{A5F2BCDE-683F-6C78-97BE-F9087EBB750E}.Release|Any CPU.Build.0 = Release|Any CPU
	EndGlobalSection
	GlobalSection(SolutionProperties) = preSolution
		HideSolutionNode = FALSE
	EndGlobalSection
	GlobalSection(ExtensibilityGlobals) = postSolution
		SolutionGuid = {634D0EC8-C581-4523-996E-D92EAA3133E8}
	EndGlobalSection
EndGlobal
